
Microsoft Visual Studio Solution File, Format Version 12.00
# Visual Studio 15
VisualStudioVersion = 15.0.28307.136
MinimumVisualStudioVersion = 10.0.40219.1
Project("{FAE04EC0-301F-11D3-BF4B-00C04F79EFBC}") = "CommandLineToolbox", "CommandLineToolbox\CommandLineToolbox.csproj", "{7BEEE736-A0DB-49A8-BF9D-46644CED11EA}"
EndProject
Project("{FAE04EC0-301F-11D3-BF4B-00C04F79EFBC}") = "CommandLineTools", "CommandLineTools\CommandLineTools.csproj", "{2FFB168D-C10F-4DAA-BB66-F2D82C9A7AAA}"
EndProject
Global
	GlobalSection(SolutionConfigurationPlatforms) = preSolution
		Debug|Any CPU = Debug|Any CPU
		Release|Any CPU = Release|Any CPU
	EndGlobalSection
	GlobalSection(ProjectConfigurationPlatforms) = postSolution
		{7BEEE736-A0DB-49A8-BF9D-46644CED11EA}.Debug|Any CPU.ActiveCfg = Debug|Any CPU
		{7BEEE736-A0DB-49A8-BF9D-46644CED11EA}.Debug|Any CPU.Build.0 = Debug|Any CPU
		{7BEEE736-A0DB-49A8-BF9D-46644CED11EA}.Release|Any CPU.ActiveCfg = Release|Any CPU
		{7BEEE736-A0DB-49A8-BF9D-46644CED11EA}.Release|Any CPU.Build.0 = Release|Any CPU
		{2FFB168D-C10F-4DAA-BB66-F2D82C9A7AAA}.Debug|Any CPU.ActiveCfg = Debug|Any CPU
		{2FFB168D-C10F-4DAA-BB66-F2D82C9A7AAA}.Debug|Any CPU.Build.0 = Debug|Any CPU
		{2FFB168D-C10F-4DAA-BB66-F2D82C9A7AAA}.Release|Any CPU.ActiveCfg = Release|Any CPU
		{2FFB168D-C10F-4DAA-BB66-F2D82C9A7AAA}.Release|Any CPU.Build.0 = Release|Any CPU
	EndGlobalSection
	GlobalSection(SolutionProperties) = preSolution
		HideSolutionNode = FALSE
	EndGlobalSection
	GlobalSection(ExtensibilityGlobals) = postSolution
		SolutionGuid = {5AF92804-D716-4CEF-AB20-91CB642FC137}
	EndGlobalSection
EndGlobal
